{
    "version": 3,
    "terraform_version": "0.11.13",
    "serial": 32,
    "lineage": "ab9ed30e-f6a2-5faf-9375-0a084c9d654a",
    "modules": [
        {
            "path": [
                "root"
            ],
            "outputs": {
                "IP Address": {
                    "sensitive": false,
                    "type": "string",
                    "value": "172.17.0.2"
                },
                "container_name": {
                    "sensitive": false,
                    "type": "string",
                    "value": "blog_dev"
                }
            },
            "resources": {
                "docker_container.container_id": {
                    "type": "docker_container",
                    "depends_on": [
                        "docker_image.image_id"
                    ],
                    "primary": {
                        "id": "dfdc95f8052c2b21477a7244265b3b25fd836b6ffee33d3b0e58a7e21ca93e7d",
                        "attributes": {
                            "attach": "false",
                            "bridge": "",
                            "gateway": "172.17.0.1",
                            "id": "dfdc95f8052c2b21477a7244265b3b25fd836b6ffee33d3b0e58a7e21ca93e7d",
                            "image": "sha256:bd4298e920114ad4c6652b2aa6df067e3e6acd414fb02048f022bc2fe54b18fc",
                            "ip_address": "172.17.0.2",
                            "ip_prefix_length": "16",
                            "log_driver": "json-file",
                            "logs": "false",
                            "must_run": "true",
                            "name": "blog_dev",
                            "network_data.#": "1",
                            "network_data.0.gateway": "172.17.0.1",
                            "network_data.0.ip_address": "172.17.0.2",
                            "network_data.0.ip_prefix_length": "16",
                            "network_data.0.network_name": "bridge",
                            "ports.#": "1",
                            "ports.0.external": "8081",
                            "ports.0.internal": "2368",
                            "ports.0.ip": "0.0.0.0",
                            "ports.0.protocol": "tcp",
                            "restart": "no",
                            "rm": "false",
                            "start": "true"
                        },
                        "meta": {
                            "schema_version": "1"
                        },
                        "tainted": false
                    },
                    "deposed": [],
                    "provider": "provider.docker"
                },
                "docker_image.image_id": {
                    "type": "docker_image",
                    "depends_on": [],
                    "primary": {
                        "id": "sha256:bd4298e920114ad4c6652b2aa6df067e3e6acd414fb02048f022bc2fe54b18fcghost:latest",
                        "attributes": {
                            "id": "sha256:bd4298e920114ad4c6652b2aa6df067e3e6acd414fb02048f022bc2fe54b18fcghost:latest",
                            "latest": "sha256:bd4298e920114ad4c6652b2aa6df067e3e6acd414fb02048f022bc2fe54b18fc",
                            "name": "ghost:latest"
                        },
                        "meta": {},
                        "tainted": false
                    },
                    "deposed": [],
                    "provider": "provider.docker"
                }
            },
            "depends_on": []
        }
    ]
}
