{
    "version": 3,
    "terraform_version": "0.11.13",
    "serial": 3,
    "lineage": "5b5b881d-9d33-c20d-fc6a-d69f018b2eeb",
    "modules": [
        {
            "path": [
                "root"
            ],
            "outputs": {
                "IP Address": {
                    "sensitive": false,
                    "type": "string",
                    "value": "172.17.0.3"
                },
                "container_name": {
                    "sensitive": false,
                    "type": "string",
                    "value": "blog_prod"
                }
            },
            "resources": {
                "docker_container.container_id": {
                    "type": "docker_container",
                    "depends_on": [
                        "docker_image.image_id"
                    ],
                    "primary": {
                        "id": "f2d1d092094979647eaf9e55b0b23127572f1237b7e58d50d4a941d2a92d18cc",
                        "attributes": {
                            "attach": "false",
                            "bridge": "",
                            "gateway": "172.17.0.1",
                            "id": "f2d1d092094979647eaf9e55b0b23127572f1237b7e58d50d4a941d2a92d18cc",
                            "image": "sha256:504b9d37b514e019d9cd60cff40575a6b0b9042bb90adc018ec85e2626a6fa3e",
                            "ip_address": "172.17.0.3",
                            "ip_prefix_length": "16",
                            "log_driver": "json-file",
                            "logs": "false",
                            "must_run": "true",
                            "name": "blog_prod",
                            "network_data.#": "1",
                            "network_data.0.gateway": "172.17.0.1",
                            "network_data.0.ip_address": "172.17.0.3",
                            "network_data.0.ip_prefix_length": "16",
                            "network_data.0.network_name": "bridge",
                            "ports.#": "1",
                            "ports.0.external": "80",
                            "ports.0.internal": "2368",
                            "ports.0.ip": "0.0.0.0",
                            "ports.0.protocol": "tcp",
                            "restart": "no",
                            "rm": "false",
                            "start": "true"
                        },
                        "meta": {
                            "schema_version": "1"
                        },
                        "tainted": false
                    },
                    "deposed": [],
                    "provider": "provider.docker"
                },
                "docker_image.image_id": {
                    "type": "docker_image",
                    "depends_on": [],
                    "primary": {
                        "id": "sha256:504b9d37b514e019d9cd60cff40575a6b0b9042bb90adc018ec85e2626a6fa3eghost:alpine",
                        "attributes": {
                            "id": "sha256:504b9d37b514e019d9cd60cff40575a6b0b9042bb90adc018ec85e2626a6fa3eghost:alpine",
                            "latest": "sha256:504b9d37b514e019d9cd60cff40575a6b0b9042bb90adc018ec85e2626a6fa3e",
                            "name": "ghost:alpine"
                        },
                        "meta": {},
                        "tainted": false
                    },
                    "deposed": [],
                    "provider": "provider.docker"
                }
            },
            "depends_on": []
        }
    ]
}
