{
    "version": 3,
    "terraform_version": "0.11.13",
    "serial": 18,
    "lineage": "42710a9c-bd3b-d84a-74fd-ed625af6c933",
    "modules": [
        {
            "path": [
                "root"
            ],
            "outputs": {
                "Bucket Name": {
                    "sensitive": false,
                    "type": "string",
                    "value": "la-terraform-37140"
                },
                "Public Instance IDs": {
                    "sensitive": false,
                    "type": "string",
                    "value": "i-0d8db1ec928223fab, i-0977fe4c85816ea86"
                },
                "Public Instance IPs": {
                    "sensitive": false,
                    "type": "string",
                    "value": "3.228.17.227, 3.93.39.168"
                },
                "Public Security Group": {
                    "sensitive": false,
                    "type": "string",
                    "value": "sg-04a814359540c53df"
                },
                "Public Subnets": {
                    "sensitive": false,
                    "type": "string",
                    "value": "subnet-09dedc034c7ae31e1, subnet-0f936d270c3fc3de6"
                },
                "Subnet IPs": {
                    "sensitive": false,
                    "type": "string",
                    "value": "10.123.1.0/24, 10.123.2.0/24"
                }
            },
            "resources": {},
            "depends_on": []
        },
        {
            "path": [
                "root",
                "compute"
            ],
            "outputs": {
                "server_id": {
                    "sensitive": false,
                    "type": "string",
                    "value": "i-0d8db1ec928223fab, i-0977fe4c85816ea86"
                },
                "server_ip": {
                    "sensitive": false,
                    "type": "string",
                    "value": "3.228.17.227, 3.93.39.168"
                }
            },
            "resources": {
                "aws_ebs_volume.data-volume.0": {
                    "type": "aws_ebs_volume",
                    "depends_on": [],
                    "primary": {
                        "id": "vol-063330c6e57a1c014",
                        "attributes": {
                            "arn": "arn:aws:ec2:us-east-1:616188222277:volume/vol-063330c6e57a1c014",
                            "availability_zone": "us-east-1a",
                            "encrypted": "false",
                            "id": "vol-063330c6e57a1c014",
                            "iops": "300",
                            "kms_key_id": "",
                            "size": "100",
                            "snapshot_id": "",
                            "tags.%": "0",
                            "type": "gp2"
                        },
                        "meta": {},
                        "tainted": false
                    },
                    "deposed": [],
                    "provider": "provider.aws"
                },
                "aws_ebs_volume.data-volume.1": {
                    "type": "aws_ebs_volume",
                    "depends_on": [],
                    "primary": {
                        "id": "vol-02b4893d7a98a76c2",
                        "attributes": {
                            "arn": "arn:aws:ec2:us-east-1:616188222277:volume/vol-02b4893d7a98a76c2",
                            "availability_zone": "us-east-1a",
                            "encrypted": "false",
                            "id": "vol-02b4893d7a98a76c2",
                            "iops": "300",
                            "kms_key_id": "",
                            "size": "100",
                            "snapshot_id": "",
                            "tags.%": "0",
                            "type": "gp2"
                        },
                        "meta": {},
                        "tainted": false
                    },
                    "deposed": [],
                    "provider": "provider.aws"
                },
                "aws_instance.tf_server.0": {
                    "type": "aws_instance",
                    "depends_on": [
                        "aws_key_pair.tf_auth",
                        "data.aws_ami.server_ami",
                        "data.template_file.user-init.*"
                    ],
                    "primary": {
                        "id": "i-0d8db1ec928223fab",
                        "attributes": {
                            "ami": "ami-035b3c7efe6d061d5",
                            "arn": "arn:aws:ec2:us-east-1:616188222277:instance/i-0d8db1ec928223fab",
                            "associate_public_ip_address": "true",
                            "availability_zone": "us-east-1a",
                            "cpu_core_count": "1",
                            "cpu_threads_per_core": "1",
                            "credit_specification.#": "1",
                            "credit_specification.0.cpu_credits": "standard",
                            "disable_api_termination": "false",
                            "ebs_block_device.#": "0",
                            "ebs_optimized": "false",
                            "ephemeral_block_device.#": "0",
                            "get_password_data": "false",
                            "iam_instance_profile": "",
                            "id": "i-0d8db1ec928223fab",
                            "instance_state": "running",
                            "instance_type": "t2.micro",
                            "ipv6_address_count": "0",
                            "ipv6_addresses.#": "0",
                            "key_name": "tf_key",
                            "monitoring": "false",
                            "network_interface.#": "0",
                            "password_data": "",
                            "placement_group": "",
                            "primary_network_interface_id": "eni-0931491a06018e40d",
                            "private_dns": "ip-10-123-1-194.ec2.internal",
                            "private_ip": "10.123.1.194",
                            "public_dns": "ec2-3-228-17-227.compute-1.amazonaws.com",
                            "public_ip": "3.228.17.227",
                            "root_block_device.#": "1",
                            "root_block_device.0.delete_on_termination": "true",
                            "root_block_device.0.encrypted": "false",
                            "root_block_device.0.iops": "100",
                            "root_block_device.0.kms_key_id": "",
                            "root_block_device.0.volume_id": "vol-09ef97ce01fc46453",
                            "root_block_device.0.volume_size": "20",
                            "root_block_device.0.volume_type": "gp2",
                            "security_groups.#": "0",
                            "source_dest_check": "true",
                            "subnet_id": "subnet-09dedc034c7ae31e1",
                            "tags.%": "1",
                            "tags.Name": "tf_server-1",
                            "tenancy": "default",
                            "user_data": "4d031f4be2f7b20fd6285ae90716acd5d9837d90",
                            "volume_tags.%": "0",
                            "vpc_security_group_ids.#": "1",
                            "vpc_security_group_ids.3758180732": "sg-04a814359540c53df"
                        },
                        "meta": {
                            "e2bfb730-ecaa-11e6-8f88-34363bc7c4c0": {
                                "create": 600000000000,
                                "delete": 1200000000000,
                                "update": 600000000000
                            },
                            "schema_version": "1"
                        },
                        "tainted": false
                    },
                    "deposed": [],
                    "provider": "provider.aws"
                },
                "aws_instance.tf_server.1": {
                    "type": "aws_instance",
                    "depends_on": [
                        "aws_key_pair.tf_auth",
                        "data.aws_ami.server_ami",
                        "data.template_file.user-init.*"
                    ],
                    "primary": {
                        "id": "i-0977fe4c85816ea86",
                        "attributes": {
                            "ami": "ami-035b3c7efe6d061d5",
                            "arn": "arn:aws:ec2:us-east-1:616188222277:instance/i-0977fe4c85816ea86",
                            "associate_public_ip_address": "true",
                            "availability_zone": "us-east-1a",
                            "cpu_core_count": "1",
                            "cpu_threads_per_core": "1",
                            "credit_specification.#": "1",
                            "credit_specification.0.cpu_credits": "standard",
                            "disable_api_termination": "false",
                            "ebs_block_device.#": "0",
                            "ebs_optimized": "false",
                            "ephemeral_block_device.#": "0",
                            "get_password_data": "false",
                            "iam_instance_profile": "",
                            "id": "i-0977fe4c85816ea86",
                            "instance_state": "running",
                            "instance_type": "t2.micro",
                            "ipv6_address_count": "0",
                            "ipv6_addresses.#": "0",
                            "key_name": "tf_key",
                            "monitoring": "false",
                            "network_interface.#": "0",
                            "password_data": "",
                            "placement_group": "",
                            "primary_network_interface_id": "eni-0443f741c10a5857f",
                            "private_dns": "ip-10-123-2-5.ec2.internal",
                            "private_ip": "10.123.2.5",
                            "public_dns": "ec2-3-93-39-168.compute-1.amazonaws.com",
                            "public_ip": "3.93.39.168",
                            "root_block_device.#": "1",
                            "root_block_device.0.delete_on_termination": "true",
                            "root_block_device.0.encrypted": "false",
                            "root_block_device.0.iops": "100",
                            "root_block_device.0.kms_key_id": "",
                            "root_block_device.0.volume_id": "vol-0e570b2c1a60a15a1",
                            "root_block_device.0.volume_size": "20",
                            "root_block_device.0.volume_type": "gp2",
                            "security_groups.#": "0",
                            "source_dest_check": "true",
                            "subnet_id": "subnet-0f936d270c3fc3de6",
                            "tags.%": "1",
                            "tags.Name": "tf_server-2",
                            "tenancy": "default",
                            "user_data": "0945ee29d4816f179fd171a64b2c766e51cbc8b5",
                            "volume_tags.%": "0",
                            "vpc_security_group_ids.#": "1",
                            "vpc_security_group_ids.3758180732": "sg-04a814359540c53df"
                        },
                        "meta": {
                            "e2bfb730-ecaa-11e6-8f88-34363bc7c4c0": {
                                "create": 600000000000,
                                "delete": 1200000000000,
                                "update": 600000000000
                            },
                            "schema_version": "1"
                        },
                        "tainted": false
                    },
                    "deposed": [],
                    "provider": "provider.aws"
                },
                "aws_key_pair.tf_auth": {
                    "type": "aws_key_pair",
                    "depends_on": [],
                    "primary": {
                        "id": "tf_key",
                        "attributes": {
                            "fingerprint": "ce:c9:86:9b:cc:ca:f9:db:f2:20:2f:b9:a2:86:75:0a",
                            "id": "tf_key",
                            "key_name": "tf_key",
                            "public_key": "ssh-rsa AAAAB3NzaC1yc2EAAAADAQABAAABAQCogyLFa3VkI0/qXO4veNmVWcWyp0tndjnIS8M1NQZKk2KAMcjCoN+vPROO6DYFRsDn9hwGnwLba6/H4VDzgq44Jpmhy02u8aiQKpWFQrp3kRphmEzp3aN0DeX+Y/uU+sR0FoP5IMqOUnvNJEWrdb2KJl5qbCqbkJgFqX8wiv0YX8kZuX3QqiQ3kxVnF1ihDs76kTzcYgVougqS1TNOv8rfYQIUftjt00VM05hJ1liHr99sTulZnzZp0lZ12GwFD73amyqrEciNyKXpa1+CvJdriEQRsl17+BbWzFtFQA5u82hf+ivOkJANpn2tw/E0dA3JfVMSu9FypaAamiZeltNT cloud_user@skyjuice1c.mylabserver.com"
                        },
                        "meta": {
                            "schema_version": "1"
                        },
                        "tainted": false
                    },
                    "deposed": [],
                    "provider": "provider.aws"
                },
                "aws_volume_attachment.data-volume-attachment.0": {
                    "type": "aws_volume_attachment",
                    "depends_on": [
                        "aws_ebs_volume.data-volume.*",
                        "aws_instance.tf_server.*"
                    ],
                    "primary": {
                        "id": "vai-54192444",
                        "attributes": {
                            "device_name": "/dev/xvdb",
                            "id": "vai-54192444",
                            "instance_id": "i-0d8db1ec928223fab",
                            "volume_id": "vol-063330c6e57a1c014"
                        },
                        "meta": {},
                        "tainted": false
                    },
                    "deposed": [],
                    "provider": "provider.aws"
                },
                "aws_volume_attachment.data-volume-attachment.1": {
                    "type": "aws_volume_attachment",
                    "depends_on": [
                        "aws_ebs_volume.data-volume.*",
                        "aws_instance.tf_server.*"
                    ],
                    "primary": {
                        "id": "vai-11898717",
                        "attributes": {
                            "device_name": "/dev/xvdb",
                            "id": "vai-11898717",
                            "instance_id": "i-0977fe4c85816ea86",
                            "volume_id": "vol-02b4893d7a98a76c2"
                        },
                        "meta": {},
                        "tainted": false
                    },
                    "deposed": [],
                    "provider": "provider.aws"
                },
                "data.aws_ami.server_ami": {
                    "type": "aws_ami",
                    "depends_on": [],
                    "primary": {
                        "id": "ami-035b3c7efe6d061d5",
                        "attributes": {
                            "architecture": "x86_64",
                            "block_device_mappings.#": "1",
                            "block_device_mappings.340275815.device_name": "/dev/xvda",
                            "block_device_mappings.340275815.ebs.%": "6",
                            "block_device_mappings.340275815.ebs.delete_on_termination": "true",
                            "block_device_mappings.340275815.ebs.encrypted": "false",
                            "block_device_mappings.340275815.ebs.iops": "0",
                            "block_device_mappings.340275815.ebs.snapshot_id": "snap-05eb12ba85dc30baa",
                            "block_device_mappings.340275815.ebs.volume_size": "8",
                            "block_device_mappings.340275815.ebs.volume_type": "gp2",
                            "block_device_mappings.340275815.no_device": "",
                            "block_device_mappings.340275815.virtual_name": "",
                            "creation_date": "2019-06-11T01:59:28.000Z",
                            "description": "Amazon Linux AMI 2018.03.0.20190611 x86_64 HVM gp2",
                            "filter.#": "1",
                            "filter.2898439165.name": "name",
                            "filter.2898439165.values.#": "1",
                            "filter.2898439165.values.0": "amzn-ami-hvm*-x86_64-gp2",
                            "hypervisor": "xen",
                            "id": "ami-035b3c7efe6d061d5",
                            "image_id": "ami-035b3c7efe6d061d5",
                            "image_location": "amazon/amzn-ami-hvm-2018.03.0.20190611-x86_64-gp2",
                            "image_owner_alias": "amazon",
                            "image_type": "machine",
                            "most_recent": "true",
                            "name": "amzn-ami-hvm-2018.03.0.20190611-x86_64-gp2",
                            "owner_id": "137112412989",
                            "owners.#": "1",
                            "owners.0": "amazon",
                            "product_codes.#": "0",
                            "public": "true",
                            "root_device_name": "/dev/xvda",
                            "root_device_type": "ebs",
                            "root_snapshot_id": "snap-05eb12ba85dc30baa",
                            "sriov_net_support": "simple",
                            "state": "available",
                            "state_reason.%": "2",
                            "state_reason.code": "UNSET",
                            "state_reason.message": "UNSET",
                            "tags.%": "0",
                            "virtualization_type": "hvm"
                        },
                        "meta": {},
                        "tainted": false
                    },
                    "deposed": [],
                    "provider": "provider.aws"
                },
                "data.template_file.user-init.0": {
                    "type": "template_file",
                    "depends_on": [],
                    "primary": {
                        "id": "f32a101e969d55fd5f888bf7594571a7aab2807390a4b3f2b5618e04c9f313a5",
                        "attributes": {
                            "id": "f32a101e969d55fd5f888bf7594571a7aab2807390a4b3f2b5618e04c9f313a5",
                            "rendered": "#!/bin/bash\nyum install httpd -y\necho \"Subnet for Firewall: 10.123.1.0/24\" \u003e\u003e /var/www/html/index.html\nservice httpd start\nchkconfig httpd on\n",
                            "template": "#!/bin/bash\nyum install httpd -y\necho \"Subnet for Firewall: ${firewall_subnets}\" \u003e\u003e /var/www/html/index.html\nservice httpd start\nchkconfig httpd on\n",
                            "vars.%": "1",
                            "vars.firewall_subnets": "10.123.1.0/24"
                        },
                        "meta": {},
                        "tainted": false
                    },
                    "deposed": [],
                    "provider": "provider.template"
                },
                "data.template_file.user-init.1": {
                    "type": "template_file",
                    "depends_on": [],
                    "primary": {
                        "id": "b64e3d9fa38052792ed657ea82bb98915144473ddba32bd453b6dfac9fa022de",
                        "attributes": {
                            "id": "b64e3d9fa38052792ed657ea82bb98915144473ddba32bd453b6dfac9fa022de",
                            "rendered": "#!/bin/bash\nyum install httpd -y\necho \"Subnet for Firewall: 10.123.2.0/24\" \u003e\u003e /var/www/html/index.html\nservice httpd start\nchkconfig httpd on\n",
                            "template": "#!/bin/bash\nyum install httpd -y\necho \"Subnet for Firewall: ${firewall_subnets}\" \u003e\u003e /var/www/html/index.html\nservice httpd start\nchkconfig httpd on\n",
                            "vars.%": "1",
                            "vars.firewall_subnets": "10.123.2.0/24"
                        },
                        "meta": {},
                        "tainted": false
                    },
                    "deposed": [],
                    "provider": "provider.template"
                }
            },
            "depends_on": []
        },
        {
            "path": [
                "root",
                "networking"
            ],
            "outputs": {
                "public_sg": {
                    "sensitive": false,
                    "type": "string",
                    "value": "sg-04a814359540c53df"
                },
                "public_subnets": {
                    "sensitive": false,
                    "type": "list",
                    "value": [
                        "subnet-09dedc034c7ae31e1",
                        "subnet-0f936d270c3fc3de6"
                    ]
                },
                "subnet_ips": {
                    "sensitive": false,
                    "type": "list",
                    "value": [
                        "10.123.1.0/24",
                        "10.123.2.0/24"
                    ]
                }
            },
            "resources": {
                "aws_default_route_table.tf_private_rt": {
                    "type": "aws_default_route_table",
                    "depends_on": [
                        "aws_vpc.tf_vpc"
                    ],
                    "primary": {
                        "id": "rtb-0ec0dbed018846a3e",
                        "attributes": {
                            "default_route_table_id": "rtb-0ec0dbed018846a3e",
                            "id": "rtb-0ec0dbed018846a3e",
                            "owner_id": "616188222277",
                            "propagating_vgws.#": "0",
                            "route.#": "0",
                            "tags.%": "1",
                            "tags.Name": "tf_private",
                            "vpc_id": "vpc-030dd666c14e5820d"
                        },
                        "meta": {},
                        "tainted": false
                    },
                    "deposed": [],
                    "provider": "provider.aws"
                },
                "aws_internet_gateway.tf_internet_gateway": {
                    "type": "aws_internet_gateway",
                    "depends_on": [
                        "aws_vpc.tf_vpc"
                    ],
                    "primary": {
                        "id": "igw-00977a6ac5efe9e87",
                        "attributes": {
                            "id": "igw-00977a6ac5efe9e87",
                            "owner_id": "616188222277",
                            "tags.%": "1",
                            "tags.Name": "tf_igw",
                            "vpc_id": "vpc-030dd666c14e5820d"
                        },
                        "meta": {},
                        "tainted": false
                    },
                    "deposed": [],
                    "provider": "provider.aws"
                },
                "aws_route_table.tf_public_rt": {
                    "type": "aws_route_table",
                    "depends_on": [
                        "aws_internet_gateway.tf_internet_gateway",
                        "aws_vpc.tf_vpc"
                    ],
                    "primary": {
                        "id": "rtb-05ea3409c6d055dc7",
                        "attributes": {
                            "id": "rtb-05ea3409c6d055dc7",
                            "owner_id": "616188222277",
                            "propagating_vgws.#": "0",
                            "route.#": "1",
                            "route.3177614002.cidr_block": "0.0.0.0/0",
                            "route.3177614002.egress_only_gateway_id": "",
                            "route.3177614002.gateway_id": "igw-00977a6ac5efe9e87",
                            "route.3177614002.instance_id": "",
                            "route.3177614002.ipv6_cidr_block": "",
                            "route.3177614002.nat_gateway_id": "",
                            "route.3177614002.network_interface_id": "",
                            "route.3177614002.transit_gateway_id": "",
                            "route.3177614002.vpc_peering_connection_id": "",
                            "tags.%": "1",
                            "tags.Name": "tf_public",
                            "vpc_id": "vpc-030dd666c14e5820d"
                        },
                        "meta": {},
                        "tainted": false
                    },
                    "deposed": [],
                    "provider": "provider.aws"
                },
                "aws_route_table_association.tf_public_assoc.0": {
                    "type": "aws_route_table_association",
                    "depends_on": [
                        "aws_route_table.tf_public_rt",
                        "aws_subnet.tf_public_subnet",
                        "aws_subnet.tf_public_subnet.*"
                    ],
                    "primary": {
                        "id": "rtbassoc-0339e98a41534b479",
                        "attributes": {
                            "id": "rtbassoc-0339e98a41534b479",
                            "route_table_id": "rtb-05ea3409c6d055dc7",
                            "subnet_id": "subnet-09dedc034c7ae31e1"
                        },
                        "meta": {},
                        "tainted": false
                    },
                    "deposed": [],
                    "provider": "provider.aws"
                },
                "aws_route_table_association.tf_public_assoc.1": {
                    "type": "aws_route_table_association",
                    "depends_on": [
                        "aws_route_table.tf_public_rt",
                        "aws_subnet.tf_public_subnet",
                        "aws_subnet.tf_public_subnet.*"
                    ],
                    "primary": {
                        "id": "rtbassoc-004f044f7d8c34aff",
                        "attributes": {
                            "id": "rtbassoc-004f044f7d8c34aff",
                            "route_table_id": "rtb-05ea3409c6d055dc7",
                            "subnet_id": "subnet-0f936d270c3fc3de6"
                        },
                        "meta": {},
                        "tainted": false
                    },
                    "deposed": [],
                    "provider": "provider.aws"
                },
                "aws_security_group.tf_public_sg": {
                    "type": "aws_security_group",
                    "depends_on": [
                        "aws_vpc.tf_vpc"
                    ],
                    "primary": {
                        "id": "sg-04a814359540c53df",
                        "attributes": {
                            "arn": "arn:aws:ec2:us-east-1:616188222277:security-group/sg-04a814359540c53df",
                            "description": "Used for access to the public instances",
                            "egress.#": "1",
                            "egress.482069346.cidr_blocks.#": "1",
                            "egress.482069346.cidr_blocks.0": "0.0.0.0/0",
                            "egress.482069346.description": "",
                            "egress.482069346.from_port": "0",
                            "egress.482069346.ipv6_cidr_blocks.#": "0",
                            "egress.482069346.prefix_list_ids.#": "0",
                            "egress.482069346.protocol": "-1",
                            "egress.482069346.security_groups.#": "0",
                            "egress.482069346.self": "false",
                            "egress.482069346.to_port": "0",
                            "id": "sg-04a814359540c53df",
                            "ingress.#": "2",
                            "ingress.2214680975.cidr_blocks.#": "1",
                            "ingress.2214680975.cidr_blocks.0": "0.0.0.0/0",
                            "ingress.2214680975.description": "",
                            "ingress.2214680975.from_port": "80",
                            "ingress.2214680975.ipv6_cidr_blocks.#": "0",
                            "ingress.2214680975.prefix_list_ids.#": "0",
                            "ingress.2214680975.protocol": "tcp",
                            "ingress.2214680975.security_groups.#": "0",
                            "ingress.2214680975.self": "false",
                            "ingress.2214680975.to_port": "80",
                            "ingress.2541437006.cidr_blocks.#": "1",
                            "ingress.2541437006.cidr_blocks.0": "0.0.0.0/0",
                            "ingress.2541437006.description": "",
                            "ingress.2541437006.from_port": "22",
                            "ingress.2541437006.ipv6_cidr_blocks.#": "0",
                            "ingress.2541437006.prefix_list_ids.#": "0",
                            "ingress.2541437006.protocol": "tcp",
                            "ingress.2541437006.security_groups.#": "0",
                            "ingress.2541437006.self": "false",
                            "ingress.2541437006.to_port": "22",
                            "name": "tf_public_sg",
                            "owner_id": "616188222277",
                            "revoke_rules_on_delete": "false",
                            "tags.%": "0",
                            "vpc_id": "vpc-030dd666c14e5820d"
                        },
                        "meta": {
                            "e2bfb730-ecaa-11e6-8f88-34363bc7c4c0": {
                                "create": 600000000000,
                                "delete": 600000000000
                            },
                            "schema_version": "1"
                        },
                        "tainted": false
                    },
                    "deposed": [],
                    "provider": "provider.aws"
                },
                "aws_subnet.tf_public_subnet.0": {
                    "type": "aws_subnet",
                    "depends_on": [
                        "aws_vpc.tf_vpc",
                        "data.aws_availability_zone.default"
                    ],
                    "primary": {
                        "id": "subnet-09dedc034c7ae31e1",
                        "attributes": {
                            "arn": "arn:aws:ec2:us-east-1:616188222277:subnet/subnet-09dedc034c7ae31e1",
                            "assign_ipv6_address_on_creation": "false",
                            "availability_zone": "us-east-1a",
                            "availability_zone_id": "use1-az1",
                            "cidr_block": "10.123.1.0/24",
                            "id": "subnet-09dedc034c7ae31e1",
                            "ipv6_cidr_block": "",
                            "ipv6_cidr_block_association_id": "",
                            "map_public_ip_on_launch": "true",
                            "owner_id": "616188222277",
                            "tags.%": "1",
                            "tags.Name": "tf_public_1",
                            "vpc_id": "vpc-030dd666c14e5820d"
                        },
                        "meta": {
                            "e2bfb730-ecaa-11e6-8f88-34363bc7c4c0": {
                                "create": 600000000000,
                                "delete": 1200000000000
                            },
                            "schema_version": "1"
                        },
                        "tainted": false
                    },
                    "deposed": [],
                    "provider": "provider.aws"
                },
                "aws_subnet.tf_public_subnet.1": {
                    "type": "aws_subnet",
                    "depends_on": [
                        "aws_vpc.tf_vpc",
                        "data.aws_availability_zone.default"
                    ],
                    "primary": {
                        "id": "subnet-0f936d270c3fc3de6",
                        "attributes": {
                            "arn": "arn:aws:ec2:us-east-1:616188222277:subnet/subnet-0f936d270c3fc3de6",
                            "assign_ipv6_address_on_creation": "false",
                            "availability_zone": "us-east-1a",
                            "availability_zone_id": "use1-az1",
                            "cidr_block": "10.123.2.0/24",
                            "id": "subnet-0f936d270c3fc3de6",
                            "ipv6_cidr_block": "",
                            "ipv6_cidr_block_association_id": "",
                            "map_public_ip_on_launch": "true",
                            "owner_id": "616188222277",
                            "tags.%": "1",
                            "tags.Name": "tf_public_2",
                            "vpc_id": "vpc-030dd666c14e5820d"
                        },
                        "meta": {
                            "e2bfb730-ecaa-11e6-8f88-34363bc7c4c0": {
                                "create": 600000000000,
                                "delete": 1200000000000
                            },
                            "schema_version": "1"
                        },
                        "tainted": false
                    },
                    "deposed": [],
                    "provider": "provider.aws"
                },
                "aws_vpc.tf_vpc": {
                    "type": "aws_vpc",
                    "depends_on": [],
                    "primary": {
                        "id": "vpc-030dd666c14e5820d",
                        "attributes": {
                            "arn": "arn:aws:ec2:us-east-1:616188222277:vpc/vpc-030dd666c14e5820d",
                            "assign_generated_ipv6_cidr_block": "false",
                            "cidr_block": "10.123.0.0/16",
                            "default_network_acl_id": "acl-0f111afab79baba42",
                            "default_route_table_id": "rtb-0ec0dbed018846a3e",
                            "default_security_group_id": "sg-04895fccf21e953f4",
                            "dhcp_options_id": "dopt-0d5b4ffe680ad6b3f",
                            "enable_classiclink": "false",
                            "enable_classiclink_dns_support": "false",
                            "enable_dns_hostnames": "true",
                            "enable_dns_support": "true",
                            "id": "vpc-030dd666c14e5820d",
                            "instance_tenancy": "default",
                            "ipv6_association_id": "",
                            "ipv6_cidr_block": "",
                            "main_route_table_id": "rtb-0ec0dbed018846a3e",
                            "owner_id": "616188222277",
                            "tags.%": "1",
                            "tags.Name": "tf_vpc"
                        },
                        "meta": {
                            "schema_version": "1"
                        },
                        "tainted": false
                    },
                    "deposed": [],
                    "provider": "provider.aws"
                },
                "data.aws_availability_zone.default": {
                    "type": "aws_availability_zone",
                    "depends_on": [],
                    "primary": {
                        "id": "us-east-1a",
                        "attributes": {
                            "id": "us-east-1a",
                            "name": "us-east-1a",
                            "name_suffix": "a",
                            "region": "us-east-1",
                            "state": "available",
                            "zone_id": "use1-az1"
                        },
                        "meta": {},
                        "tainted": false
                    },
                    "deposed": [],
                    "provider": "provider.aws"
                },
                "data.aws_availability_zones.available": {
                    "type": "aws_availability_zones",
                    "depends_on": [],
                    "primary": {
                        "id": "2019-09-02 18:07:41.868622232 +0000 UTC",
                        "attributes": {
                            "id": "2019-09-02 18:07:41.868622232 +0000 UTC",
                            "names.#": "6",
                            "names.0": "us-east-1a",
                            "names.1": "us-east-1b",
                            "names.2": "us-east-1c",
                            "names.3": "us-east-1d",
                            "names.4": "us-east-1e",
                            "names.5": "us-east-1f",
                            "zone_ids.#": "6",
                            "zone_ids.0": "use1-az1",
                            "zone_ids.1": "use1-az2",
                            "zone_ids.2": "use1-az4",
                            "zone_ids.3": "use1-az6",
                            "zone_ids.4": "use1-az3",
                            "zone_ids.5": "use1-az5"
                        },
                        "meta": {},
                        "tainted": false
                    },
                    "deposed": [],
                    "provider": "provider.aws"
                }
            },
            "depends_on": []
        },
        {
            "path": [
                "root",
                "storage"
            ],
            "outputs": {
                "bucketname": {
                    "sensitive": false,
                    "type": "string",
                    "value": "la-terraform-37140"
                }
            },
            "resources": {
                "aws_s3_bucket.tf_code": {
                    "type": "aws_s3_bucket",
                    "depends_on": [
                        "random_id.tf_bucket_id"
                    ],
                    "primary": {
                        "id": "la-terraform-37140",
                        "attributes": {
                            "acceleration_status": "",
                            "acl": "private",
                            "arn": "arn:aws:s3:::la-terraform-37140",
                            "bucket": "la-terraform-37140",
                            "bucket_domain_name": "la-terraform-37140.s3.amazonaws.com",
                            "bucket_regional_domain_name": "la-terraform-37140.s3.amazonaws.com",
                            "cors_rule.#": "0",
                            "force_destroy": "true",
                            "hosted_zone_id": "Z3AQBSTGFYJSTF",
                            "id": "la-terraform-37140",
                            "lifecycle_rule.#": "0",
                            "logging.#": "0",
                            "object_lock_configuration.#": "0",
                            "region": "us-east-1",
                            "replication_configuration.#": "0",
                            "request_payer": "BucketOwner",
                            "server_side_encryption_configuration.#": "0",
                            "tags.%": "1",
                            "tags.Name": "tf_bucket",
                            "versioning.#": "1",
                            "versioning.0.enabled": "false",
                            "versioning.0.mfa_delete": "false",
                            "website.#": "0"
                        },
                        "meta": {},
                        "tainted": false
                    },
                    "deposed": [],
                    "provider": "provider.aws"
                },
                "random_id.tf_bucket_id": {
                    "type": "random_id",
                    "depends_on": [],
                    "primary": {
                        "id": "kRQ",
                        "attributes": {
                            "b64": "kRQ",
                            "b64_std": "kRQ=",
                            "b64_url": "kRQ",
                            "byte_length": "2",
                            "dec": "37140",
                            "hex": "9114",
                            "id": "kRQ"
                        },
                        "meta": {},
                        "tainted": false
                    },
                    "deposed": [],
                    "provider": "provider.random"
                }
            },
            "depends_on": []
        }
    ]
}
