{
    "version": 3,
    "terraform_version": "0.11.13",
    "serial": 5,
    "lineage": "ed40e6ab-9b55-817b-aaae-09b5e485ed07",
    "modules": [
        {
            "path": [
                "root"
            ],
            "outputs": {
                "container_name": {
                    "sensitive": false,
                    "type": "string",
                    "value": "blog"
                },
                "ip": {
                    "sensitive": false,
                    "type": "string",
                    "value": "172.17.0.2"
                }
            },
            "resources": {},
            "depends_on": []
        },
        {
            "path": [
                "root",
                "container"
            ],
            "outputs": {
                "container_name": {
                    "sensitive": false,
                    "type": "string",
                    "value": "blog"
                },
                "ip": {
                    "sensitive": false,
                    "type": "string",
                    "value": "172.17.0.2"
                }
            },
            "resources": {
                "docker_container.container_id": {
                    "type": "docker_container",
                    "depends_on": [],
                    "primary": {
                        "id": "e76fa32a28e9c745b7cf69c72c6126b09b1d272931aeaada6fee7a0e3fc882e4",
                        "attributes": {
                            "attach": "false",
                            "bridge": "",
                            "gateway": "172.17.0.1",
                            "id": "e76fa32a28e9c745b7cf69c72c6126b09b1d272931aeaada6fee7a0e3fc882e4",
                            "image": "sha256:bd4298e920114ad4c6652b2aa6df067e3e6acd414fb02048f022bc2fe54b18fc",
                            "ip_address": "172.17.0.2",
                            "ip_prefix_length": "16",
                            "log_driver": "json-file",
                            "logs": "false",
                            "must_run": "true",
                            "name": "blog",
                            "network_data.#": "1",
                            "network_data.0.gateway": "172.17.0.1",
                            "network_data.0.ip_address": "172.17.0.2",
                            "network_data.0.ip_prefix_length": "16",
                            "network_data.0.network_name": "bridge",
                            "ports.#": "1",
                            "ports.0.external": "80",
                            "ports.0.internal": "2368",
                            "ports.0.ip": "0.0.0.0",
                            "ports.0.protocol": "tcp",
                            "restart": "no",
                            "rm": "false",
                            "start": "true"
                        },
                        "meta": {
                            "schema_version": "1"
                        },
                        "tainted": false
                    },
                    "deposed": [],
                    "provider": "provider.docker"
                }
            },
            "depends_on": []
        },
        {
            "path": [
                "root",
                "image"
            ],
            "outputs": {
                "image_out": {
                    "sensitive": false,
                    "type": "string",
                    "value": "sha256:bd4298e920114ad4c6652b2aa6df067e3e6acd414fb02048f022bc2fe54b18fc"
                }
            },
            "resources": {
                "docker_image.image_id": {
                    "type": "docker_image",
                    "depends_on": [],
                    "primary": {
                        "id": "sha256:bd4298e920114ad4c6652b2aa6df067e3e6acd414fb02048f022bc2fe54b18fcghost:latest",
                        "attributes": {
                            "id": "sha256:bd4298e920114ad4c6652b2aa6df067e3e6acd414fb02048f022bc2fe54b18fcghost:latest",
                            "latest": "sha256:bd4298e920114ad4c6652b2aa6df067e3e6acd414fb02048f022bc2fe54b18fc",
                            "name": "ghost:latest"
                        },
                        "meta": {},
                        "tainted": false
                    },
                    "deposed": [],
                    "provider": "provider.docker"
                }
            },
            "depends_on": []
        }
    ]
}
